
Microsoft Visual Studio Solution File, Format Version 12.00
# Visual Studio 2015
Project("{FAE04EC0-301F-11D3-BF4B-00C04F79EFBC}") = "VirsabiFirstVRDemo.CSharp", "VirsabiFirstVRDemo.CSharp.csproj", "{B89D7D46-8EF0-ADC2-DFBE-88C3CA69385F}"
EndProject
Project("{FAE04EC0-301F-11D3-BF4B-00C04F79EFBC}") = "VirsabiFirstVRDemo.CSharp.Editor", "VirsabiFirstVRDemo.CSharp.Editor.csproj", "{83773734-414A-B56C-5A07-08759EB19568}"
EndProject
Global
	GlobalSection(SolutionConfigurationPlatforms) = preSolution
		Debug|Any CPU = Debug|Any CPU
		Release|Any CPU = Release|Any CPU
	EndGlobalSection
	GlobalSection(ProjectConfigurationPlatforms) = postSolution
		{B89D7D46-8EF0-ADC2-DFBE-88C3CA69385F}.Debug|Any CPU.ActiveCfg = Debug|Any CPU
		{B89D7D46-8EF0-ADC2-DFBE-88C3CA69385F}.Debug|Any CPU.Build.0 = Debug|Any CPU
		{B89D7D46-8EF0-ADC2-DFBE-88C3CA69385F}.Release|Any CPU.ActiveCfg = Release|Any CPU
		{B89D7D46-8EF0-ADC2-DFBE-88C3CA69385F}.Release|Any CPU.Build.0 = Release|Any CPU
		{83773734-414A-B56C-5A07-08759EB19568}.Debug|Any CPU.ActiveCfg = Debug|Any CPU
		{83773734-414A-B56C-5A07-08759EB19568}.Debug|Any CPU.Build.0 = Debug|Any CPU
		{83773734-414A-B56C-5A07-08759EB19568}.Release|Any CPU.ActiveCfg = Release|Any CPU
		{83773734-414A-B56C-5A07-08759EB19568}.Release|Any CPU.Build.0 = Release|Any CPU
	EndGlobalSection
	GlobalSection(SolutionProperties) = preSolution
		HideSolutionNode = FALSE
	EndGlobalSection
EndGlobal
